# THIS IS AN AUTOGENERATED FILE. DO NOT EDIT THIS FILE DIRECTLY.
# yarn lockfile v1


"@js-temporal/polyfill@^0.3.0":
  version "0.3.0"
  resolved "https://registry.yarnpkg.com/@js-temporal/polyfill/-/polyfill-0.3.0.tgz#c2d76672d40aecbf6aaf22df92a53411e2e6c8d5"
  integrity sha512-cxxxis19j0WvK3+kUwKrXeXaDBaWxLeRfKqlVz7g50Cly6UgGs2p3wovH9zjtZ4TtjYHDR4De/880+aalduDZQ==
  dependencies:
    big-integer "^1.6.51"
    tslib "^2.3.1"

big-integer@^1.6.51:
  version "1.6.51"
  resolved "https://registry.yarnpkg.com/big-integer/-/big-integer-1.6.51.tgz#0df92a5d9880560d3ff2d5fd20245c889d130686"
  integrity sha512-GPEid2Y9QU1Exl1rpO9B2IPJGHPSupF5GnVIP0blYvNOMer2bTvSWs1jGOUg04hTmu67nmLsQ9TBo1puaotBHg==

tslib@^2.3.1:
  version "2.3.1"
  resolved "https://registry.yarnpkg.com/tslib/-/tslib-2.3.1.tgz#e8a335add5ceae51aa261d32a490158ef042ef01"
  integrity sha512-77EbyPPpMz+FRFRuAFlWMtmgUWGe9UOG2Z25NqCwiIjRhOf5iKGuzSe5P2w1laq+FkRy4p+PCuVkJSGkzTEKVw==
